
Microsoft Visual Studio Solution File, Format Version 12.00
# Visual Studio 15
VisualStudioVersion = 15.0.26430.16
MinimumVisualStudioVersion = 10.0.40219.1
Project("{FAE04EC0-301F-11D3-BF4B-00C04F79EFBC}") = "Skeleton.Infra.CrossCutting", "Skeleton.Infra.CrossCutting\Skeleton.Infra.CrossCutting.csproj", "{24D6A36C-E5E8-4FDB-AFBA-FC855B05775D}"
EndProject
Project("{FAE04EC0-301F-11D3-BF4B-00C04F79EFBC}") = "Skeleton.Infra.CrossCutting.Base", "Skeleton.Infra.CrossCutting.Base\Skeleton.Infra.CrossCutting.Base.csproj", "{9EFFC63B-9BF0-4021-80A4-7F0CED49EFFC}"
EndProject
Project("{2150E333-8FDC-42A3-9474-1A3956D46DE8}") = "Infra", "Infra", "{5C4BEFD1-2950-4B45-A410-2D476FDD90BC}"
EndProject
Project("{FAE04EC0-301F-11D3-BF4B-00C04F79EFBC}") = "Skeleton.Infra.Persistencia.Nh", "Skeleton.Infra.Persistencia.Nh\Skeleton.Infra.Persistencia.Nh.csproj", "{AA549BAA-503F-4099-86BC-CA8622052FA9}"
EndProject
Project("{FAE04EC0-301F-11D3-BF4B-00C04F79EFBC}") = "Skeleton.Infra.Persistencia.Nh.Base", "Skeleton.Infra.Persistencia.Nh.Base\Skeleton.Infra.Persistencia.Nh.Base.csproj", "{9CBA01C1-A6DC-4BF0-9FE2-3F211F241621}"
EndProject
Project("{2150E333-8FDC-42A3-9474-1A3956D46DE8}") = "Dominio", "Dominio", "{ECBDCC9E-BBAD-47A3-BB80-887E7634616C}"
EndProject
Project("{FAE04EC0-301F-11D3-BF4B-00C04F79EFBC}") = "Skeleton.Dominio.Base", "Skeleton.Dominio.Base\Skeleton.Dominio.Base.csproj", "{26B00BDD-853C-4691-9A3C-69898C4241FA}"
EndProject
Project("{FAE04EC0-301F-11D3-BF4B-00C04F79EFBC}") = "Skeleton.Infra.Persistencia.Nh.CriacaoDeBanco", "Skeleton.Infra.Persistencia.Nh.CriacaoDeBanco\Skeleton.Infra.Persistencia.Nh.CriacaoDeBanco.csproj", "{E35C8284-ECDB-4398-ABB7-1D585ED4AB7C}"
EndProject
Project("{FAE04EC0-301F-11D3-BF4B-00C04F79EFBC}") = "Skeleton.Dominio", "Skeleton.Dominio\Skeleton.Dominio.csproj", "{67E747D4-112F-4723-A677-7FBE88141D2A}"
EndProject
Project("{FAE04EC0-301F-11D3-BF4B-00C04F79EFBC}") = "BeSafe", "BeSafe\BeSafe.csproj", "{F5AF9C99-70CF-453C-8FB1-C9914CA0CD00}"
EndProject
Global
	GlobalSection(SolutionConfigurationPlatforms) = preSolution
		Debug|Any CPU = Debug|Any CPU
		Release|Any CPU = Release|Any CPU
	EndGlobalSection
	GlobalSection(ProjectConfigurationPlatforms) = postSolution
		{24D6A36C-E5E8-4FDB-AFBA-FC855B05775D}.Debug|Any CPU.ActiveCfg = Debug|Any CPU
		{24D6A36C-E5E8-4FDB-AFBA-FC855B05775D}.Debug|Any CPU.Build.0 = Debug|Any CPU
		{24D6A36C-E5E8-4FDB-AFBA-FC855B05775D}.Release|Any CPU.ActiveCfg = Release|Any CPU
		{24D6A36C-E5E8-4FDB-AFBA-FC855B05775D}.Release|Any CPU.Build.0 = Release|Any CPU
		{9EFFC63B-9BF0-4021-80A4-7F0CED49EFFC}.Debug|Any CPU.ActiveCfg = Debug|Any CPU
		{9EFFC63B-9BF0-4021-80A4-7F0CED49EFFC}.Debug|Any CPU.Build.0 = Debug|Any CPU
		{9EFFC63B-9BF0-4021-80A4-7F0CED49EFFC}.Release|Any CPU.ActiveCfg = Release|Any CPU
		{9EFFC63B-9BF0-4021-80A4-7F0CED49EFFC}.Release|Any CPU.Build.0 = Release|Any CPU
		{AA549BAA-503F-4099-86BC-CA8622052FA9}.Debug|Any CPU.ActiveCfg = Debug|Any CPU
		{AA549BAA-503F-4099-86BC-CA8622052FA9}.Debug|Any CPU.Build.0 = Debug|Any CPU
		{AA549BAA-503F-4099-86BC-CA8622052FA9}.Release|Any CPU.ActiveCfg = Release|Any CPU
		{AA549BAA-503F-4099-86BC-CA8622052FA9}.Release|Any CPU.Build.0 = Release|Any CPU
		{9CBA01C1-A6DC-4BF0-9FE2-3F211F241621}.Debug|Any CPU.ActiveCfg = Debug|Any CPU
		{9CBA01C1-A6DC-4BF0-9FE2-3F211F241621}.Debug|Any CPU.Build.0 = Debug|Any CPU
		{9CBA01C1-A6DC-4BF0-9FE2-3F211F241621}.Release|Any CPU.ActiveCfg = Release|Any CPU
		{9CBA01C1-A6DC-4BF0-9FE2-3F211F241621}.Release|Any CPU.Build.0 = Release|Any CPU
		{26B00BDD-853C-4691-9A3C-69898C4241FA}.Debug|Any CPU.ActiveCfg = Debug|Any CPU
		{26B00BDD-853C-4691-9A3C-69898C4241FA}.Debug|Any CPU.Build.0 = Debug|Any CPU
		{26B00BDD-853C-4691-9A3C-69898C4241FA}.Release|Any CPU.ActiveCfg = Release|Any CPU
		{26B00BDD-853C-4691-9A3C-69898C4241FA}.Release|Any CPU.Build.0 = Release|Any CPU
		{E35C8284-ECDB-4398-ABB7-1D585ED4AB7C}.Debug|Any CPU.ActiveCfg = Debug|Any CPU
		{E35C8284-ECDB-4398-ABB7-1D585ED4AB7C}.Debug|Any CPU.Build.0 = Debug|Any CPU
		{E35C8284-ECDB-4398-ABB7-1D585ED4AB7C}.Release|Any CPU.ActiveCfg = Release|Any CPU
		{E35C8284-ECDB-4398-ABB7-1D585ED4AB7C}.Release|Any CPU.Build.0 = Release|Any CPU
		{67E747D4-112F-4723-A677-7FBE88141D2A}.Debug|Any CPU.ActiveCfg = Debug|Any CPU
		{67E747D4-112F-4723-A677-7FBE88141D2A}.Debug|Any CPU.Build.0 = Debug|Any CPU
		{67E747D4-112F-4723-A677-7FBE88141D2A}.Release|Any CPU.ActiveCfg = Release|Any CPU
		{67E747D4-112F-4723-A677-7FBE88141D2A}.Release|Any CPU.Build.0 = Release|Any CPU
		{F5AF9C99-70CF-453C-8FB1-C9914CA0CD00}.Debug|Any CPU.ActiveCfg = Debug|Any CPU
		{F5AF9C99-70CF-453C-8FB1-C9914CA0CD00}.Debug|Any CPU.Build.0 = Debug|Any CPU
		{F5AF9C99-70CF-453C-8FB1-C9914CA0CD00}.Release|Any CPU.ActiveCfg = Release|Any CPU
		{F5AF9C99-70CF-453C-8FB1-C9914CA0CD00}.Release|Any CPU.Build.0 = Release|Any CPU
	EndGlobalSection
	GlobalSection(SolutionProperties) = preSolution
		HideSolutionNode = FALSE
	EndGlobalSection
	GlobalSection(NestedProjects) = preSolution
		{24D6A36C-E5E8-4FDB-AFBA-FC855B05775D} = {5C4BEFD1-2950-4B45-A410-2D476FDD90BC}
		{9EFFC63B-9BF0-4021-80A4-7F0CED49EFFC} = {5C4BEFD1-2950-4B45-A410-2D476FDD90BC}
		{AA549BAA-503F-4099-86BC-CA8622052FA9} = {5C4BEFD1-2950-4B45-A410-2D476FDD90BC}
		{9CBA01C1-A6DC-4BF0-9FE2-3F211F241621} = {5C4BEFD1-2950-4B45-A410-2D476FDD90BC}
		{26B00BDD-853C-4691-9A3C-69898C4241FA} = {ECBDCC9E-BBAD-47A3-BB80-887E7634616C}
		{E35C8284-ECDB-4398-ABB7-1D585ED4AB7C} = {5C4BEFD1-2950-4B45-A410-2D476FDD90BC}
		{67E747D4-112F-4723-A677-7FBE88141D2A} = {ECBDCC9E-BBAD-47A3-BB80-887E7634616C}
	EndGlobalSection
EndGlobal
